{
  "name": "client",
  "lockfileVersion": 2,
  "requires": true,
  "packages": {
    "": {
      "dependencies": {
        "angular-calendar-scheduler": "^11.0.7"
      }
    },
    "node_modules/@angular/animations": {
      "version": "13.3.0",
      "resolved": "https://registry.npmjs.org/@angular/animations/-/animations-13.3.0.tgz",
      "integrity": "sha512-q7hkImhHCv0QdriR8HOFhsAW05QDmvapcHrBv3y862LUTR5e90/+81RYuwFuKX1lk/sa7LiHlHHWC7oCspzr2Q==",
      "peer": true,
      "dependencies": {
        "tslib": "^2.3.0"
      },
      "engines": {
        "node": "^12.20.0 || ^14.15.0 || >=16.10.0"
      },
      "peerDependencies": {
        "@angular/core": "13.3.0"
      }
    },
    "node_modules/@angular/common": {
      "version": "13.3.0",
      "resolved": "https://registry.npmjs.org/@angular/common/-/common-13.3.0.tgz",
      "integrity": "sha512-yl09TWBmz++Z3MKjzZIwU2wZHiedCn1DjGILjjNXegHFOfINRHiqLhHca4kGWFcTsdvcuEhd9Hk9JATqi45rjg==",
      "peer": true,
      "dependencies": {
        "tslib": "^2.3.0"
      },
      "engines": {
        "node": "^12.20.0 || ^14.15.0 || >=16.10.0"
      },
      "peerDependencies": {
        "@angular/core": "13.3.0",
        "rxjs": "^6.5.3 || ^7.4.0"
      }
    },
    "node_modules/@angular/core": {
      "version": "13.3.0",
      "resolved": "https://registry.npmjs.org/@angular/core/-/core-13.3.0.tgz",
      "integrity": "sha512-ZnuIMEK8YFBtthNqrxapYolMp6qRy4Yp/VG+M11YNiuBp/BoYYDjTaknwO8vu36Cn6372zWjcibsknkZMjdBkg==",
      "peer": true,
      "dependencies": {
        "tslib": "^2.3.0"
      },
      "engines": {
        "node": "^12.20.0 || ^14.15.0 || >=16.10.0"
      },
      "peerDependencies": {
        "rxjs": "^6.5.3 || ^7.4.0",
        "zone.js": "~0.11.4"
      }
    },
    "node_modules/@mattlewis92/dom-autoscroller": {
      "version": "2.4.2",
      "resolved": "https://registry.npmjs.org/@mattlewis92/dom-autoscroller/-/dom-autoscroller-2.4.2.tgz",
      "integrity": "sha512-YbrUWREPGEjE/FU6foXcAT1YbVwqD/jkYnY1dFb0o4AxtP3s4xKBthlELjndZih8uwsDWgQZx1eNskRNe2BgZQ==",
      "peer": true
    },
    "node_modules/@scarf/scarf": {
      "version": "1.1.1",
      "resolved": "https://registry.npmjs.org/@scarf/scarf/-/scarf-1.1.1.tgz",
      "integrity": "sha512-VGbKDbk1RFIaSmdVb0cNjjWJoRWRI/Weo23AjRCC2nryO0iAS8pzsToJfPVPtVs74WHw4L1UTADNdIYRLkirZQ==",
      "hasInstallScript": true,
      "peer": true
    },
    "node_modules/angular-calendar": {
      "version": "0.28.28",
      "resolved": "https://registry.npmjs.org/angular-calendar/-/angular-calendar-0.28.28.tgz",
      "integrity": "sha512-q6FIye6zkwFeMZfHBgFByHpZdHbWu02EQAJ67XjyZmwiDAvjo7LVoTlaug93CjggJ4DL0YEAWDG4rokLBBgq2w==",
      "peer": true,
      "dependencies": {
        "@scarf/scarf": "^1.1.1",
        "angular-draggable-droppable": "^4.6.0",
        "angular-resizable-element": "^3.4.0",
        "calendar-utils": "^0.8.5",
        "positioning": "^2.0.1",
        "tslib": "^1.14.1"
      },
      "funding": {
        "url": "https://github.com/sponsors/mattlewis92"
      },
      "peerDependencies": {
        "@angular/animations": ">=6.0.0",
        "@angular/common": ">=6.0.0",
        "@angular/core": ">=6.0.0"
      }
    },
    "node_modules/angular-calendar-scheduler": {
      "version": "11.0.7",
      "resolved": "https://registry.npmjs.org/angular-calendar-scheduler/-/angular-calendar-scheduler-11.0.7.tgz",
      "integrity": "sha512-nox152HfiJMkAoipjiH8aqxvBch53Jkr5JVCgc0GZPksaGwh7sjEmpZWFlECanuSlBUY3bDZYf9StCBxWxzSWw==",
      "dependencies": {
        "tslib": "^2.0.0"
      },
      "peerDependencies": {
        "angular-calendar": "^0.28.22",
        "bootstrap": "^4.4.1",
        "date-fns": "^2.8.1",
        "moment": "^2.24.0"
      }
    },
    "node_modules/angular-calendar/node_modules/tslib": {
      "version": "1.14.1",
      "resolved": "https://registry.npmjs.org/tslib/-/tslib-1.14.1.tgz",
      "integrity": "sha512-Xni35NKzjgMrwevysHTCArtLDpPvye8zV/0E4EyYn43P7/7qvQwPh9BGkHewbMulVntbigmcT7rdX3BNo9wRJg==",
      "peer": true
    },
    "node_modules/angular-draggable-droppable": {
      "version": "4.6.0",
      "resolved": "https://registry.npmjs.org/angular-draggable-droppable/-/angular-draggable-droppable-4.6.0.tgz",
      "integrity": "sha512-+8JhTDMKkc/NuFFqb8/H/QHpB+v4Z7YNrgvEbV+PQxXry19rkr89ofZgjNIXhZexTvJNb03BYlSQoknzXE9b3g==",
      "peer": true,
      "dependencies": {
        "@mattlewis92/dom-autoscroller": "^2.4.2",
        "tslib": "^1.9.0"
      },
      "peerDependencies": {
        "@angular/core": ">=6.0.0"
      }
    },
    "node_modules/angular-draggable-droppable/node_modules/tslib": {
      "version": "1.14.1",
      "resolved": "https://registry.npmjs.org/tslib/-/tslib-1.14.1.tgz",
      "integrity": "sha512-Xni35NKzjgMrwevysHTCArtLDpPvye8zV/0E4EyYn43P7/7qvQwPh9BGkHewbMulVntbigmcT7rdX3BNo9wRJg==",
      "peer": true
    },
    "node_modules/angular-resizable-element": {
      "version": "3.4.0",
      "resolved": "https://registry.npmjs.org/angular-resizable-element/-/angular-resizable-element-3.4.0.tgz",
      "integrity": "sha512-xL5a8FmghzrZmHPy7uwWz98m91gRXgAcdeCRYcK/nD7psXMTYNk5EPmHA0qZTDCIYljhT4h0OKWLvx56NQGfDA==",
      "peer": true,
      "dependencies": {
        "tslib": "^1.9.0"
      },
      "peerDependencies": {
        "@angular/core": ">=6.0.0"
      }
    },
    "node_modules/angular-resizable-element/node_modules/tslib": {
      "version": "1.14.1",
      "resolved": "https://registry.npmjs.org/tslib/-/tslib-1.14.1.tgz",
      "integrity": "sha512-Xni35NKzjgMrwevysHTCArtLDpPvye8zV/0E4EyYn43P7/7qvQwPh9BGkHewbMulVntbigmcT7rdX3BNo9wRJg==",
      "peer": true
    },
    "node_modules/bootstrap": {
      "version": "4.6.1",
      "resolved": "https://registry.npmjs.org/bootstrap/-/bootstrap-4.6.1.tgz",
      "integrity": "sha512-0dj+VgI9Ecom+rvvpNZ4MUZJz8dcX7WCX+eTID9+/8HgOkv3dsRzi8BGeZJCQU6flWQVYxwTQnEZFrmJSEO7og==",
      "peer": true,
      "funding": {
        "type": "opencollective",
        "url": "https://opencollective.com/bootstrap"
      },
      "peerDependencies": {
        "jquery": "1.9.1 - 3",
        "popper.js": "^1.16.1"
      }
    },
    "node_modules/calendar-utils": {
      "version": "0.8.5",
      "resolved": "https://registry.npmjs.org/calendar-utils/-/calendar-utils-0.8.5.tgz",
      "integrity": "sha512-mgn7dqZfDEqY/obyPO9ib8FSk28vAIOIOXyrjffT9jw1vAmxLguhvohM6JehDA6dY+ddkWBlPCDLCcRv0PncKw==",
      "peer": true
    },
    "node_modules/date-fns": {
      "version": "2.28.0",
      "resolved": "https://registry.npmjs.org/date-fns/-/date-fns-2.28.0.tgz",
      "integrity": "sha512-8d35hViGYx/QH0icHYCeLmsLmMUheMmTyV9Fcm6gvNwdw31yXXH+O85sOBJ+OLnLQMKZowvpKb6FgMIQjcpvQw==",
      "peer": true,
      "engines": {
        "node": ">=0.11"
      },
      "funding": {
        "type": "opencollective",
        "url": "https://opencollective.com/date-fns"
      }
    },
    "node_modules/jquery": {
      "version": "3.6.0",
      "resolved": "https://registry.npmjs.org/jquery/-/jquery-3.6.0.tgz",
      "integrity": "sha512-JVzAR/AjBvVt2BmYhxRCSYysDsPcssdmTFnzyLEts9qNwmjmu4JTAMYubEfwVOSwpQ1I1sKKFcxhZCI2buerfw==",
      "peer": true
    },
    "node_modules/moment": {
      "version": "2.29.1",
      "resolved": "https://registry.npmjs.org/moment/-/moment-2.29.1.tgz",
      "integrity": "sha512-kHmoybcPV8Sqy59DwNDY3Jefr64lK/by/da0ViFcuA4DH0vQg5Q6Ze5VimxkfQNSC+Mls/Kx53s7TjP1RhFEDQ==",
      "peer": true,
      "engines": {
        "node": "*"
      }
    },
    "node_modules/popper.js": {
      "version": "1.16.1",
      "resolved": "https://registry.npmjs.org/popper.js/-/popper.js-1.16.1.tgz",
      "integrity": "sha512-Wb4p1J4zyFTbM+u6WuO4XstYx4Ky9Cewe4DWrel7B0w6VVICvPwdOpotjzcf6eD8TsckVnIMNONQyPIUFOUbCQ==",
      "deprecated": "You can find the new Popper v2 at @popperjs/core, this package is dedicated to the legacy v1",
      "peer": true,
      "funding": {
        "type": "opencollective",
        "url": "https://opencollective.com/popperjs"
      }
    },
    "node_modules/positioning": {
      "version": "2.0.1",
      "resolved": "https://registry.npmjs.org/positioning/-/positioning-2.0.1.tgz",
      "integrity": "sha512-DsAgM42kV/ObuwlRpAzDTjH9E8fGKkMDJHWFX+kfNXSxh7UCCQxEmdjv/Ws5Ft1XDnt3JT8fIDYeKNSE2TbttA==",
      "peer": true
    },
    "node_modules/rxjs": {
      "version": "7.5.5",
      "resolved": "https://registry.npmjs.org/rxjs/-/rxjs-7.5.5.tgz",
      "integrity": "sha512-sy+H0pQofO95VDmFLzyaw9xNJU4KTRSwQIGM6+iG3SypAtCiLDzpeG8sJrNCWn2Up9km+KhkvTdbkrdy+yzZdw==",
      "peer": true,
      "dependencies": {
        "tslib": "^2.1.0"
      }
    },
    "node_modules/tslib": {
      "version": "2.3.1",
      "resolved": "https://registry.npmjs.org/tslib/-/tslib-2.3.1.tgz",
      "integrity": "sha512-77EbyPPpMz+FRFRuAFlWMtmgUWGe9UOG2Z25NqCwiIjRhOf5iKGuzSe5P2w1laq+FkRy4p+PCuVkJSGkzTEKVw=="
    },
    "node_modules/zone.js": {
      "version": "0.11.5",
      "resolved": "https://registry.npmjs.org/zone.js/-/zone.js-0.11.5.tgz",
      "integrity": "sha512-D1/7VxEuQ7xk6z/kAROe4SUbd9CzxY4zOwVGnGHerd/SgLIVU5f4esDzQUsOCeArn933BZfWMKydH7l7dPEp0g==",
      "peer": true,
      "dependencies": {
        "tslib": "^2.3.0"
      }
    }
  },
  "dependencies": {
    "@angular/animations": {
      "version": "13.3.0",
      "resolved": "https://registry.npmjs.org/@angular/animations/-/animations-13.3.0.tgz",
      "integrity": "sha512-q7hkImhHCv0QdriR8HOFhsAW05QDmvapcHrBv3y862LUTR5e90/+81RYuwFuKX1lk/sa7LiHlHHWC7oCspzr2Q==",
      "peer": true,
      "requires": {
        "tslib": "^2.3.0"
      }
    },
    "@angular/common": {
      "version": "13.3.0",
      "resolved": "https://registry.npmjs.org/@angular/common/-/common-13.3.0.tgz",
      "integrity": "sha512-yl09TWBmz++Z3MKjzZIwU2wZHiedCn1DjGILjjNXegHFOfINRHiqLhHca4kGWFcTsdvcuEhd9Hk9JATqi45rjg==",
      "peer": true,
      "requires": {
        "tslib": "^2.3.0"
      }
    },
    "@angular/core": {
      "version": "13.3.0",
      "resolved": "https://registry.npmjs.org/@angular/core/-/core-13.3.0.tgz",
      "integrity": "sha512-ZnuIMEK8YFBtthNqrxapYolMp6qRy4Yp/VG+M11YNiuBp/BoYYDjTaknwO8vu36Cn6372zWjcibsknkZMjdBkg==",
      "peer": true,
      "requires": {
        "tslib": "^2.3.0"
      }
    },
    "@mattlewis92/dom-autoscroller": {
      "version": "2.4.2",
      "resolved": "https://registry.npmjs.org/@mattlewis92/dom-autoscroller/-/dom-autoscroller-2.4.2.tgz",
      "integrity": "sha512-YbrUWREPGEjE/FU6foXcAT1YbVwqD/jkYnY1dFb0o4AxtP3s4xKBthlELjndZih8uwsDWgQZx1eNskRNe2BgZQ==",
      "peer": true
    },
    "@scarf/scarf": {
      "version": "1.1.1",
      "resolved": "https://registry.npmjs.org/@scarf/scarf/-/scarf-1.1.1.tgz",
      "integrity": "sha512-VGbKDbk1RFIaSmdVb0cNjjWJoRWRI/Weo23AjRCC2nryO0iAS8pzsToJfPVPtVs74WHw4L1UTADNdIYRLkirZQ==",
      "peer": true
    },
    "angular-calendar": {
      "version": "0.28.28",
      "resolved": "https://registry.npmjs.org/angular-calendar/-/angular-calendar-0.28.28.tgz",
      "integrity": "sha512-q6FIye6zkwFeMZfHBgFByHpZdHbWu02EQAJ67XjyZmwiDAvjo7LVoTlaug93CjggJ4DL0YEAWDG4rokLBBgq2w==",
      "peer": true,
      "requires": {
        "@scarf/scarf": "^1.1.1",
        "angular-draggable-droppable": "^4.6.0",
        "angular-resizable-element": "^3.4.0",
        "calendar-utils": "^0.8.5",
        "positioning": "^2.0.1",
        "tslib": "^1.14.1"
      },
      "dependencies": {
        "tslib": {
          "version": "1.14.1",
          "resolved": "https://registry.npmjs.org/tslib/-/tslib-1.14.1.tgz",
          "integrity": "sha512-Xni35NKzjgMrwevysHTCArtLDpPvye8zV/0E4EyYn43P7/7qvQwPh9BGkHewbMulVntbigmcT7rdX3BNo9wRJg==",
          "peer": true
        }
      }
    },
    "angular-calendar-scheduler": {
      "version": "11.0.7",
      "resolved": "https://registry.npmjs.org/angular-calendar-scheduler/-/angular-calendar-scheduler-11.0.7.tgz",
      "integrity": "sha512-nox152HfiJMkAoipjiH8aqxvBch53Jkr5JVCgc0GZPksaGwh7sjEmpZWFlECanuSlBUY3bDZYf9StCBxWxzSWw==",
      "requires": {
        "tslib": "^2.0.0"
      }
    },
    "angular-draggable-droppable": {
      "version": "4.6.0",
      "resolved": "https://registry.npmjs.org/angular-draggable-droppable/-/angular-draggable-droppable-4.6.0.tgz",
      "integrity": "sha512-+8JhTDMKkc/NuFFqb8/H/QHpB+v4Z7YNrgvEbV+PQxXry19rkr89ofZgjNIXhZexTvJNb03BYlSQoknzXE9b3g==",
      "peer": true,
      "requires": {
        "@mattlewis92/dom-autoscroller": "^2.4.2",
        "tslib": "^1.9.0"
      },
      "dependencies": {
        "tslib": {
          "version": "1.14.1",
          "resolved": "https://registry.npmjs.org/tslib/-/tslib-1.14.1.tgz",
          "integrity": "sha512-Xni35NKzjgMrwevysHTCArtLDpPvye8zV/0E4EyYn43P7/7qvQwPh9BGkHewbMulVntbigmcT7rdX3BNo9wRJg==",
          "peer": true
        }
      }
    },
    "angular-resizable-element": {
      "version": "3.4.0",
      "resolved": "https://registry.npmjs.org/angular-resizable-element/-/angular-resizable-element-3.4.0.tgz",
      "integrity": "sha512-xL5a8FmghzrZmHPy7uwWz98m91gRXgAcdeCRYcK/nD7psXMTYNk5EPmHA0qZTDCIYljhT4h0OKWLvx56NQGfDA==",
      "peer": true,
      "requires": {
        "tslib": "^1.9.0"
      },
      "dependencies": {
        "tslib": {
          "version": "1.14.1",
          "resolved": "https://registry.npmjs.org/tslib/-/tslib-1.14.1.tgz",
          "integrity": "sha512-Xni35NKzjgMrwevysHTCArtLDpPvye8zV/0E4EyYn43P7/7qvQwPh9BGkHewbMulVntbigmcT7rdX3BNo9wRJg==",
          "peer": true
        }
      }
    },
    "bootstrap": {
      "version": "4.6.1",
      "resolved": "https://registry.npmjs.org/bootstrap/-/bootstrap-4.6.1.tgz",
      "integrity": "sha512-0dj+VgI9Ecom+rvvpNZ4MUZJz8dcX7WCX+eTID9+/8HgOkv3dsRzi8BGeZJCQU6flWQVYxwTQnEZFrmJSEO7og==",
      "peer": true,
      "requires": {}
    },
    "calendar-utils": {
      "version": "0.8.5",
      "resolved": "https://registry.npmjs.org/calendar-utils/-/calendar-utils-0.8.5.tgz",
      "integrity": "sha512-mgn7dqZfDEqY/obyPO9ib8FSk28vAIOIOXyrjffT9jw1vAmxLguhvohM6JehDA6dY+ddkWBlPCDLCcRv0PncKw==",
      "peer": true
    },
    "date-fns": {
      "version": "2.28.0",
      "resolved": "https://registry.npmjs.org/date-fns/-/date-fns-2.28.0.tgz",
      "integrity": "sha512-8d35hViGYx/QH0icHYCeLmsLmMUheMmTyV9Fcm6gvNwdw31yXXH+O85sOBJ+OLnLQMKZowvpKb6FgMIQjcpvQw==",
      "peer": true
    },
    "jquery": {
      "version": "3.6.0",
      "resolved": "https://registry.npmjs.org/jquery/-/jquery-3.6.0.tgz",
      "integrity": "sha512-JVzAR/AjBvVt2BmYhxRCSYysDsPcssdmTFnzyLEts9qNwmjmu4JTAMYubEfwVOSwpQ1I1sKKFcxhZCI2buerfw==",
      "peer": true
    },
    "moment": {
      "version": "2.29.1",
      "resolved": "https://registry.npmjs.org/moment/-/moment-2.29.1.tgz",
      "integrity": "sha512-kHmoybcPV8Sqy59DwNDY3Jefr64lK/by/da0ViFcuA4DH0vQg5Q6Ze5VimxkfQNSC+Mls/Kx53s7TjP1RhFEDQ==",
      "peer": true
    },
    "popper.js": {
      "version": "1.16.1",
      "resolved": "https://registry.npmjs.org/popper.js/-/popper.js-1.16.1.tgz",
      "integrity": "sha512-Wb4p1J4zyFTbM+u6WuO4XstYx4Ky9Cewe4DWrel7B0w6VVICvPwdOpotjzcf6eD8TsckVnIMNONQyPIUFOUbCQ==",
      "peer": true
    },
    "positioning": {
      "version": "2.0.1",
      "resolved": "https://registry.npmjs.org/positioning/-/positioning-2.0.1.tgz",
      "integrity": "sha512-DsAgM42kV/ObuwlRpAzDTjH9E8fGKkMDJHWFX+kfNXSxh7UCCQxEmdjv/Ws5Ft1XDnt3JT8fIDYeKNSE2TbttA==",
      "peer": true
    },
    "rxjs": {
      "version": "7.5.5",
      "resolved": "https://registry.npmjs.org/rxjs/-/rxjs-7.5.5.tgz",
      "integrity": "sha512-sy+H0pQofO95VDmFLzyaw9xNJU4KTRSwQIGM6+iG3SypAtCiLDzpeG8sJrNCWn2Up9km+KhkvTdbkrdy+yzZdw==",
      "peer": true,
      "requires": {
        "tslib": "^2.1.0"
      }
    },
    "tslib": {
      "version": "2.3.1",
      "resolved": "https://registry.npmjs.org/tslib/-/tslib-2.3.1.tgz",
      "integrity": "sha512-77EbyPPpMz+FRFRuAFlWMtmgUWGe9UOG2Z25NqCwiIjRhOf5iKGuzSe5P2w1laq+FkRy4p+PCuVkJSGkzTEKVw=="
    },
    "zone.js": {
      "version": "0.11.5",
      "resolved": "https://registry.npmjs.org/zone.js/-/zone.js-0.11.5.tgz",
      "integrity": "sha512-D1/7VxEuQ7xk6z/kAROe4SUbd9CzxY4zOwVGnGHerd/SgLIVU5f4esDzQUsOCeArn933BZfWMKydH7l7dPEp0g==",
      "peer": true,
      "requires": {
        "tslib": "^2.3.0"
      }
    }
  }
}
